{
  "name": "komodo-gitops-server",
  "version": "1.0.0",
  "lockfileVersion": 3,
  "requires": true,
  "packages": {
    "": {
      "name": "komodo-gitops-server",
      "version": "1.0.0",
      "dependencies": {
        "dotenv": "^16.4.5",
        "komodo_client": "^2.1.1"
      },
      "devDependencies": {
        "@types/node": "^20.11.0",
        "typescript": "^5.3.3"
      }
    },
    "node_modules/@types/node": {
      "version": "20.19.43",
      "resolved": "https://registry.npmjs.org/@types/node/-/node-20.19.43.tgz",
      "integrity": "sha512-6oYBAi5ikg4Pl+kGsoYtawUMBT2zZMCvPNF7pVLnHZfd1zf38DRiWn/gT01RYCdUqkv7Fhr+C9ot4/tb+2sVvA==",
      "dev": true,
      "license": "MIT",
      "dependencies": {
        "undici-types": "~6.21.0"
      }
    },
    "node_modules/dotenv": {
      "version": "16.6.1",
      "resolved": "https://registry.npmjs.org/dotenv/-/dotenv-16.6.1.tgz",
      "integrity": "sha512-uBq4egWHTcTt33a72vpSG0z3HnPuIl6NqYcTrKEg2azoEyl2hpW0zqlxysq2pK9HlDIHyHyakeYaYnSAwd8bow==",
      "license": "BSD-2-Clause",
      "engines": {
        "node": ">=12"
      },
      "funding": {
        "url": "https://dotenvx.com"
      }
    },
    "node_modules/jwt-decode": {
      "version": "4.0.0",
      "resolved": "https://registry.npmjs.org/jwt-decode/-/jwt-decode-4.0.0.tgz",
      "integrity": "sha512-+KJGIyHgkGuIq3IEBNftfhW/LfWhXUIY6OmyVWjliu5KH1y0fw7VQ8YndE2O4qZdMSd9SqbnC8GOcZEy0Om7sA==",
      "license": "MIT",
      "engines": {
        "node": ">=18"
      }
    },
    "node_modules/komodo_client": {
      "version": "2.1.1",
      "resolved": "https://registry.npmjs.org/komodo_client/-/komodo_client-2.1.1.tgz",
      "integrity": "sha512-WvVd4eRyn080jddyPUBvlnrkrJh0D7bqJAIp6lfwslHqq/oh3/66NGRkgzFB8d0+9BCvpV/v2Q3YtHHVDHgb0g==",
      "license": "GPL-3.0",
      "dependencies": {
        "mogh_auth_client": "^1.2.1"
      }
    },
    "node_modules/mogh_auth_client": {
      "version": "1.7.0",
      "resolved": "https://registry.npmjs.org/mogh_auth_client/-/mogh_auth_client-1.7.0.tgz",
      "integrity": "sha512-v4TJVNIiFYBLd70yGw/eS37E15he4I5w3poj5X7W75D+m6ry9gbhtlePp5elRbqjDZ/WXkOZ/XYCHqGYb/PQ2A==",
      "license": "MPL-2.0",
      "dependencies": {
        "jwt-decode": "^4.0.0"
      }
    },
    "node_modules/typescript": {
      "version": "5.9.3",
      "resolved": "https://registry.npmjs.org/typescript/-/typescript-5.9.3.tgz",
      "integrity": "sha512-jl1vZzPDinLr9eUt3J/t7V6FgNEw9QjvBPdysz9KfQDD41fQrC2Y4vKQdiaUpFT4bXlb1RHhLpp8wtm6M5TgSw==",
      "dev": true,
      "license": "Apache-2.0",
      "bin": {
        "tsc": "bin/tsc",
        "tsserver": "bin/tsserver"
      },
      "engines": {
        "node": ">=14.17"
      }
    },
    "node_modules/undici-types": {
      "version": "6.21.0",
      "resolved": "https://registry.npmjs.org/undici-types/-/undici-types-6.21.0.tgz",
      "integrity": "sha512-iwDZqg0QAGrg9Rav5H4n0M64c3mkR59cJ6wQp+7C4nI0gsmExaedaYLNO44eT4AtBBwjbTiGPMlt2Md0T9H9JQ==",
      "dev": true,
      "license": "MIT"
    }
  }
}
